// !$*UTF8*$!
{
	archiveVersion = 1;
	classes = {
	};
	objectVersion = 56;
	objects = {

/* Begin PBXBuildFile section */
		667608662BD3768900502E6C /* Backend.swift in Sources */ = {isa = PBXBuildFile; fileRef = 667608652BD3768900502E6C /* Backend.swift */; };
		6676086A2BD377B100502E6C /* UserRoutes.swift in Sources */ = {isa = PBXBuildFile; fileRef = 667608692BD377B100502E6C /* UserRoutes.swift */; };
		6676086D2BD3783B00502E6C /* User.swift in Sources */ = {isa = PBXBuildFile; fileRef = 6676086C2BD3783B00502E6C /* User.swift */; };
		667608702BD3790200502E6C /* Constants.swift in Sources */ = {isa = PBXBuildFile; fileRef = 6676086F2BD3790200502E6C /* Constants.swift */; };
		667608732BD379DD00502E6C /* .gitignore in Resources */ = {isa = PBXBuildFile; fileRef = 667608722BD379DD00502E6C /* .gitignore */; };
		667608752BD37D6A00502E6C /* README.md in Resources */ = {isa = PBXBuildFile; fileRef = 667608742BD37D6A00502E6C /* README.md */; };
		66985EEC2BF7DDFB003F0CDB /* HomeControllerTests.swift in Sources */ = {isa = PBXBuildFile; fileRef = 66985EEB2BF7DDFB003F0CDB /* HomeControllerTests.swift */; };
		66F6DB122BD37455008061E5 /* AppDelegate.swift in Sources */ = {isa = PBXBuildFile; fileRef = 66F6DB112BD37455008061E5 /* AppDelegate.swift */; };
		66F6DB142BD37455008061E5 /* SceneDelegate.swift in Sources */ = {isa = PBXBuildFile; fileRef = 66F6DB132BD37455008061E5 /* SceneDelegate.swift */; };
		66F6DB162BD37455008061E5 /* HomeController.swift in Sources */ = {isa = PBXBuildFile; fileRef = 66F6DB152BD37455008061E5 /* HomeController.swift */; };
		66F6DB1B2BD37456008061E5 /* Assets.xcassets in Resources */ = {isa = PBXBuildFile; fileRef = 66F6DB1A2BD37456008061E5 /* Assets.xcassets */; };
		66F6DB1E2BD37456008061E5 /* LaunchScreen.storyboard in Resources */ = {isa = PBXBuildFile; fileRef = 66F6DB1C2BD37456008061E5 /* LaunchScreen.storyboard */; };
/* End PBXBuildFile section */

/* Begin PBXContainerItemProxy section */
		66985EED2BF7DDFB003F0CDB /* PBXContainerItemProxy */ = {
			isa = PBXContainerItemProxy;
			containerPortal = 66F6DB062BD37455008061E5 /* Project object */;
			proxyType = 1;
			remoteGlobalIDString = 66F6DB0D2BD37455008061E5;
			remoteInfo = "UIKit-Template";
		};
/* End PBXContainerItemProxy section */

/* Begin PBXFileReference section */
		667608652BD3768900502E6C /* Backend.swift */ = {isa = PBXFileReference; lastKnownFileType = sourcecode.swift; path = Backend.swift; sourceTree = "<group>"; };
		667608692BD377B100502E6C /* UserRoutes.swift */ = {isa = PBXFileReference; lastKnownFileType = sourcecode.swift; path = UserRoutes.swift; sourceTree = "<group>"; };
		6676086C2BD3783B00502E6C /* User.swift */ = {isa = PBXFileReference; lastKnownFileType = sourcecode.swift; path = User.swift; sourceTree = "<group>"; };
		6676086F2BD3790200502E6C /* Constants.swift */ = {isa = PBXFileReference; lastKnownFileType = sourcecode.swift; path = Constants.swift; sourceTree = "<group>"; };
		667608722BD379DD00502E6C /* .gitignore */ = {isa = PBXFileReference; lastKnownFileType = text; path = .gitignore; sourceTree = "<group>"; };
		667608742BD37D6A00502E6C /* README.md */ = {isa = PBXFileReference; lastKnownFileType = net.daringfireball.markdown; path = README.md; sourceTree = "<group>"; };
		66985EE92BF7DDFA003F0CDB /* UIKit-TemplateTests.xctest */ = {isa = PBXFileReference; explicitFileType = wrapper.cfbundle; includeInIndex = 0; path = "UIKit-TemplateTests.xctest"; sourceTree = BUILT_PRODUCTS_DIR; };
		66985EEB2BF7DDFB003F0CDB /* HomeControllerTests.swift */ = {isa = PBXFileReference; lastKnownFileType = sourcecode.swift; path = HomeControllerTests.swift; sourceTree = "<group>"; };
		66F6DB0E2BD37455008061E5 /* UIKit-Template.app */ = {isa = PBXFileReference; explicitFileType = wrapper.application; includeInIndex = 0; path = "UIKit-Template.app"; sourceTree = BUILT_PRODUCTS_DIR; };
		66F6DB112BD37455008061E5 /* AppDelegate.swift */ = {isa = PBXFileReference; lastKnownFileType = sourcecode.swift; path = AppDelegate.swift; sourceTree = "<group>"; };
		66F6DB132BD37455008061E5 /* SceneDelegate.swift */ = {isa = PBXFileReference; lastKnownFileType = sourcecode.swift; path = SceneDelegate.swift; sourceTree = "<group>"; };
		66F6DB152BD37455008061E5 /* HomeController.swift */ = {isa = PBXFileReference; lastKnownFileType = sourcecode.swift; path = HomeController.swift; sourceTree = "<group>"; };
		66F6DB1A2BD37456008061E5 /* Assets.xcassets */ = {isa = PBXFileReference; lastKnownFileType = folder.assetcatalog; path = Assets.xcassets; sourceTree = "<group>"; };
		66F6DB1D2BD37456008061E5 /* Base */ = {isa = PBXFileReference; lastKnownFileType = file.storyboard; name = Base; path = Base.lproj/LaunchScreen.storyboard; sourceTree = "<group>"; };
		66F6DB1F2BD37456008061E5 /* Info.plist */ = {isa = PBXFileReference; lastKnownFileType = text.plist.xml; path = Info.plist; sourceTree = "<group>"; };
/* End PBXFileReference section */

/* Begin PBXFrameworksBuildPhase section */
		66985EE62BF7DDFA003F0CDB /* Frameworks */ = {
			isa = PBXFrameworksBuildPhase;
			buildActionMask = 2147483647;
			files = (
			);
			runOnlyForDeploymentPostprocessing = 0;
		};
		66F6DB0B2BD37455008061E5 /* Frameworks */ = {
			isa = PBXFrameworksBuildPhase;
			buildActionMask = 2147483647;
			files = (
			);
			runOnlyForDeploymentPostprocessing = 0;
		};
/* End PBXFrameworksBuildPhase section */

/* Begin PBXGroup section */
		667608612BD375D700502E6C /* Admin */ = {
			isa = PBXGroup;
			children = (
				66F6DB1F2BD37456008061E5 /* Info.plist */,
				66F6DB132BD37455008061E5 /* SceneDelegate.swift */,
				66F6DB112BD37455008061E5 /* AppDelegate.swift */,
			);
			path = Admin;
			sourceTree = "<group>";
		};
		667608622BD375E200502E6C /* Assets */ = {
			isa = PBXGroup;
			children = (
				66F6DB1A2BD37456008061E5 /* Assets.xcassets */,
			);
			path = Assets;
			sourceTree = "<group>";
		};
		667608642BD3765D00502E6C /* Backend */ = {
			isa = PBXGroup;
			children = (
				667608652BD3768900502E6C /* Backend.swift */,
				667608682BD3779600502E6C /* Endpoints */,
				6676086B2BD3782300502E6C /* Objects */,
			);
			path = Backend;
			sourceTree = "<group>";
		};
		667608682BD3779600502E6C /* Endpoints */ = {
			isa = PBXGroup;
			children = (
				667608692BD377B100502E6C /* UserRoutes.swift */,
			);
			path = Endpoints;
			sourceTree = "<group>";
		};
		6676086B2BD3782300502E6C /* Objects */ = {
			isa = PBXGroup;
			children = (
				6676086C2BD3783B00502E6C /* User.swift */,
			);
			path = Objects;
			sourceTree = "<group>";
		};
		6676086E2BD378F700502E6C /* Constants */ = {
			isa = PBXGroup;
			children = (
				6676086F2BD3790200502E6C /* Constants.swift */,
			);
			path = Constants;
			sourceTree = "<group>";
		};
		667608712BD3793900502E6C /* ViewControllers */ = {
			isa = PBXGroup;
			children = (
				66F6DB152BD37455008061E5 /* HomeController.swift */,
			);
			path = ViewControllers;
			sourceTree = "<group>";
		};
		66985EEA2BF7DDFA003F0CDB /* UIKit-TemplateTests */ = {
			isa = PBXGroup;
			children = (
				66985EEB2BF7DDFB003F0CDB /* HomeControllerTests.swift */,
			);
			path = "UIKit-TemplateTests";
			sourceTree = "<group>";
		};
		66F6DB052BD37455008061E5 = {
			isa = PBXGroup;
			children = (
				667608742BD37D6A00502E6C /* README.md */,
				667608722BD379DD00502E6C /* .gitignore */,
				66F6DB102BD37455008061E5 /* UIKit-Template */,
				66985EEA2BF7DDFA003F0CDB /* UIKit-TemplateTests */,
				66F6DB0F2BD37455008061E5 /* Products */,
			);
			sourceTree = "<group>";
		};
		66F6DB0F2BD37455008061E5 /* Products */ = {
			isa = PBXGroup;
			children = (
				66F6DB0E2BD37455008061E5 /* UIKit-Template.app */,
				66985EE92BF7DDFA003F0CDB /* UIKit-TemplateTests.xctest */,
			);
			name = Products;
			sourceTree = "<group>";
		};
		66F6DB102BD37455008061E5 /* UIKit-Template */ = {
			isa = PBXGroup;
			children = (
				667608612BD375D700502E6C /* Admin */,
				667608642BD3765D00502E6C /* Backend */,
				667608712BD3793900502E6C /* ViewControllers */,
				6676086E2BD378F700502E6C /* Constants */,
				667608622BD375E200502E6C /* Assets */,
				66F6DB1C2BD37456008061E5 /* LaunchScreen.storyboard */,
			);
			path = "UIKit-Template";
			sourceTree = "<group>";
		};
/* End PBXGroup section */

/* Begin PBXNativeTarget section */
		66985EE82BF7DDFA003F0CDB /* UIKit-TemplateTests */ = {
			isa = PBXNativeTarget;
			buildConfigurationList = 66985EEF2BF7DDFB003F0CDB /* Build configuration list for PBXNativeTarget "UIKit-TemplateTests" */;
			buildPhases = (
				66985EE52BF7DDFA003F0CDB /* Sources */,
				66985EE62BF7DDFA003F0CDB /* Frameworks */,
				66985EE72BF7DDFA003F0CDB /* Resources */,
			);
			buildRules = (
			);
			dependencies = (
				66985EEE2BF7DDFB003F0CDB /* PBXTargetDependency */,
			);
			name = "UIKit-TemplateTests";
			productName = "UIKit-TemplateTests";
			productReference = 66985EE92BF7DDFA003F0CDB /* UIKit-TemplateTests.xctest */;
			productType = "com.apple.product-type.bundle.unit-test";
		};
		66F6DB0D2BD37455008061E5 /* UIKit-Template */ = {
			isa = PBXNativeTarget;
			buildConfigurationList = 66F6DB382BD37456008061E5 /* Build configuration list for PBXNativeTarget "UIKit-Template" */;
			buildPhases = (
				66F6DB0A2BD37455008061E5 /* Sources */,
				66F6DB0B2BD37455008061E5 /* Frameworks */,
				66F6DB0C2BD37455008061E5 /* Resources */,
			);
			buildRules = (
			);
			dependencies = (
			);
			name = "UIKit-Template";
			productName = "UIKit-Template";
			productReference = 66F6DB0E2BD37455008061E5 /* UIKit-Template.app */;
			productType = "com.apple.product-type.application";
		};
/* End PBXNativeTarget section */

/* Begin PBXProject section */
		66F6DB062BD37455008061E5 /* Project object */ = {
			isa = PBXProject;
			attributes = {
				BuildIndependentTargetsInParallel = 1;
				LastSwiftUpdateCheck = 1520;
				LastUpgradeCheck = 1520;
				TargetAttributes = {
					66985EE82BF7DDFA003F0CDB = {
						CreatedOnToolsVersion = 15.2;
						TestTargetID = 66F6DB0D2BD37455008061E5;
					};
					66F6DB0D2BD37455008061E5 = {
						CreatedOnToolsVersion = 15.2;
					};
				};
			};
			buildConfigurationList = 66F6DB092BD37455008061E5 /* Build configuration list for PBXProject "UIKit-Template" */;
			compatibilityVersion = "Xcode 14.0";
			developmentRegion = en;
			hasScannedForEncodings = 0;
			knownRegions = (
				en,
				Base,
			);
			mainGroup = 66F6DB052BD37455008061E5;
			productRefGroup = 66F6DB0F2BD37455008061E5 /* Products */;
			projectDirPath = "";
			projectRoot = "";
			targets = (
				66F6DB0D2BD37455008061E5 /* UIKit-Template */,
				66985EE82BF7DDFA003F0CDB /* UIKit-TemplateTests */,
			);
		};
/* End PBXProject section */

/* Begin PBXResourcesBuildPhase section */
		66985EE72BF7DDFA003F0CDB /* Resources */ = {
			isa = PBXResourcesBuildPhase;
			buildActionMask = 2147483647;
			files = (
			);
			runOnlyForDeploymentPostprocessing = 0;
		};
		66F6DB0C2BD37455008061E5 /* Resources */ = {
			isa = PBXResourcesBuildPhase;
			buildActionMask = 2147483647;
			files = (
				66F6DB1E2BD37456008061E5 /* LaunchScreen.storyboard in Resources */,
				667608732BD379DD00502E6C /* .gitignore in Resources */,
				667608752BD37D6A00502E6C /* README.md in Resources */,
				66F6DB1B2BD37456008061E5 /* Assets.xcassets in Resources */,
			);
			runOnlyForDeploymentPostprocessing = 0;
		};
/* End PBXResourcesBuildPhase section */

/* Begin PBXSourcesBuildPhase section */
		66985EE52BF7DDFA003F0CDB /* Sources */ = {
			isa = PBXSourcesBuildPhase;
			buildActionMask = 2147483647;
			files = (
				66985EEC2BF7DDFB003F0CDB /* HomeControllerTests.swift in Sources */,
			);
			runOnlyForDeploymentPostprocessing = 0;
		};
		66F6DB0A2BD37455008061E5 /* Sources */ = {
			isa = PBXSourcesBuildPhase;
			buildActionMask = 2147483647;
			files = (
				667608662BD3768900502E6C /* Backend.swift in Sources */,
				66F6DB162BD37455008061E5 /* HomeController.swift in Sources */,
				6676086D2BD3783B00502E6C /* User.swift in Sources */,
				66F6DB122BD37455008061E5 /* AppDelegate.swift in Sources */,
				667608702BD3790200502E6C /* Constants.swift in Sources */,
				66F6DB142BD37455008061E5 /* SceneDelegate.swift in Sources */,
				6676086A2BD377B100502E6C /* UserRoutes.swift in Sources */,
			);
			runOnlyForDeploymentPostprocessing = 0;
		};
/* End PBXSourcesBuildPhase section */

/* Begin PBXTargetDependency section */
		66985EEE2BF7DDFB003F0CDB /* PBXTargetDependency */ = {
			isa = PBXTargetDependency;
			target = 66F6DB0D2BD37455008061E5 /* UIKit-Template */;
			targetProxy = 66985EED2BF7DDFB003F0CDB /* PBXContainerItemProxy */;
		};
/* End PBXTargetDependency section */

/* Begin PBXVariantGroup section */
		66F6DB1C2BD37456008061E5 /* LaunchScreen.storyboard */ = {
			isa = PBXVariantGroup;
			children = (
				66F6DB1D2BD37456008061E5 /* Base */,
			);
			name = LaunchScreen.storyboard;
			sourceTree = "<group>";
		};
/* End PBXVariantGroup section */

/* Begin XCBuildConfiguration section */
		66985EF02BF7DDFB003F0CDB /* Debug */ = {
			isa = XCBuildConfiguration;
			buildSettings = {
				BUNDLE_LOADER = "$(TEST_HOST)";
				CODE_SIGN_STYLE = Automatic;
				CURRENT_PROJECT_VERSION = 1;
				DEVELOPMENT_TEAM = 352SEZ76Q7;
				GENERATE_INFOPLIST_FILE = YES;
				MARKETING_VERSION = 1.0;
				PRODUCT_BUNDLE_IDENTIFIER = "prostack.UIKit-TemplateTests";
				PRODUCT_NAME = "$(TARGET_NAME)";
				SWIFT_EMIT_LOC_STRINGS = NO;
				SWIFT_VERSION = 5.0;
				TARGETED_DEVICE_FAMILY = "1,2";
				TEST_HOST = "$(BUILT_PRODUCTS_DIR)/UIKit-Template.app/$(BUNDLE_EXECUTABLE_FOLDER_PATH)/UIKit-Template";
			};
			name = Debug;
		};
		66985EF12BF7DDFB003F0CDB /* Release */ = {
			isa = XCBuildConfiguration;
			buildSettings = {
				BUNDLE_LOADER = "$(TEST_HOST)";
				CODE_SIGN_STYLE = Automatic;
				CURRENT_PROJECT_VERSION = 1;
				DEVELOPMENT_TEAM = 352SEZ76Q7;
				GENERATE_INFOPLIST_FILE = YES;
				MARKETING_VERSION = 1.0;
				PRODUCT_BUNDLE_IDENTIFIER = "prostack.UIKit-TemplateTests";
				PRODUCT_NAME = "$(TARGET_NAME)";
				SWIFT_EMIT_LOC_STRINGS = NO;
				SWIFT_VERSION = 5.0;
				TARGETED_DEVICE_FAMILY = "1,2";
				TEST_HOST = "$(BUILT_PRODUCTS_DIR)/UIKit-Template.app/$(BUNDLE_EXECUTABLE_FOLDER_PATH)/UIKit-Template";
			};
			name = Release;
		};
		66F6DB362BD37456008061E5 /* Debug */ = {
			isa = XCBuildConfiguration;
			buildSettings = {
				ALWAYS_SEARCH_USER_PATHS = NO;
				ASSETCATALOG_COMPILER_GENERATE_SWIFT_ASSET_SYMBOL_EXTENSIONS = YES;
				CLANG_ANALYZER_NONNULL = YES;
				CLANG_ANALYZER_NUMBER_OBJECT_CONVERSION = YES_AGGRESSIVE;
				CLANG_CXX_LANGUAGE_STANDARD = "gnu++20";
				CLANG_ENABLE_MODULES = YES;
				CLANG_ENABLE_OBJC_ARC = YES;
				CLANG_ENABLE_OBJC_WEAK = YES;
				CLANG_WARN_BLOCK_CAPTURE_AUTORELEASING = YES;
				CLANG_WARN_BOOL_CONVERSION = YES;
				CLANG_WARN_COMMA = YES;
				CLANG_WARN_CONSTANT_CONVERSION = YES;
				CLANG_WARN_DEPRECATED_OBJC_IMPLEMENTATIONS = YES;
				CLANG_WARN_DIRECT_OBJC_ISA_USAGE = YES_ERROR;
				CLANG_WARN_DOCUMENTATION_COMMENTS = YES;
				CLANG_WARN_EMPTY_BODY = YES;
				CLANG_WARN_ENUM_CONVERSION = YES;
				CLANG_WARN_INFINITE_RECURSION = YES;
				CLANG_WARN_INT_CONVERSION = YES;
				CLANG_WARN_NON_LITERAL_NULL_CONVERSION = YES;
				CLANG_WARN_OBJC_IMPLICIT_RETAIN_SELF = YES;
				CLANG_WARN_OBJC_LITERAL_CONVERSION = YES;
				CLANG_WARN_OBJC_ROOT_CLASS = YES_ERROR;
				CLANG_WARN_QUOTED_INCLUDE_IN_FRAMEWORK_HEADER = YES;
				CLANG_WARN_RANGE_LOOP_ANALYSIS = YES;
				CLANG_WARN_STRICT_PROTOTYPES = YES;
				CLANG_WARN_SUSPICIOUS_MOVE = YES;
				CLANG_WARN_UNGUARDED_AVAILABILITY = YES_AGGRESSIVE;
				CLANG_WARN_UNREACHABLE_CODE = YES;
				CLANG_WARN__DUPLICATE_METHOD_MATCH = YES;
				COPY_PHASE_STRIP = NO;
				DEBUG_INFORMATION_FORMAT = dwarf;
				ENABLE_STRICT_OBJC_MSGSEND = YES;
				ENABLE_TESTABILITY = YES;
				ENABLE_USER_SCRIPT_SANDBOXING = YES;
				GCC_C_LANGUAGE_STANDARD = gnu17;
				GCC_DYNAMIC_NO_PIC = NO;
				GCC_NO_COMMON_BLOCKS = YES;
				GCC_OPTIMIZATION_LEVEL = 0;
				GCC_PREPROCESSOR_DEFINITIONS = (
					"DEBUG=1",
					"$(inherited)",
				);
				GCC_WARN_64_TO_32_BIT_CONVERSION = YES;
				GCC_WARN_ABOUT_RETURN_TYPE = YES_ERROR;
				GCC_WARN_UNDECLARED_SELECTOR = YES;
				GCC_WARN_UNINITIALIZED_AUTOS = YES_AGGRESSIVE;
				GCC_WARN_UNUSED_FUNCTION = YES;
				GCC_WARN_UNUSED_VARIABLE = YES;
				IPHONEOS_DEPLOYMENT_TARGET = 17.2;
				LOCALIZATION_PREFERS_STRING_CATALOGS = YES;
				MTL_ENABLE_DEBUG_INFO = INCLUDE_SOURCE;
				MTL_FAST_MATH = YES;
				ONLY_ACTIVE_ARCH = YES;
				SDKROOT = iphoneos;
				SWIFT_ACTIVE_COMPILATION_CONDITIONS = "DEBUG $(inherited)";
				SWIFT_OPTIMIZATION_LEVEL = "-Onone";
			};
			name = Debug;
		};
		66F6DB372BD37456008061E5 /* Release */ = {
			isa = XCBuildConfiguration;
			buildSettings = {
				ALWAYS_SEARCH_USER_PATHS = NO;
				ASSETCATALOG_COMPILER_GENERATE_SWIFT_ASSET_SYMBOL_EXTENSIONS = YES;
				CLANG_ANALYZER_NONNULL = YES;
				CLANG_ANALYZER_NUMBER_OBJECT_CONVERSION = YES_AGGRESSIVE;
				CLANG_CXX_LANGUAGE_STANDARD = "gnu++20";
				CLANG_ENABLE_MODULES = YES;
				CLANG_ENABLE_OBJC_ARC = YES;
				CLANG_ENABLE_OBJC_WEAK = YES;
				CLANG_WARN_BLOCK_CAPTURE_AUTORELEASING = YES;
				CLANG_WARN_BOOL_CONVERSION = YES;
				CLANG_WARN_COMMA = YES;
				CLANG_WARN_CONSTANT_CONVERSION = YES;
				CLANG_WARN_DEPRECATED_OBJC_IMPLEMENTATIONS = YES;
				CLANG_WARN_DIRECT_OBJC_ISA_USAGE = YES_ERROR;
				CLANG_WARN_DOCUMENTATION_COMMENTS = YES;
				CLANG_WARN_EMPTY_BODY = YES;
				CLANG_WARN_ENUM_CONVERSION = YES;
				CLANG_WARN_INFINITE_RECURSION = YES;
				CLANG_WARN_INT_CONVERSION = YES;
				CLANG_WARN_NON_LITERAL_NULL_CONVERSION = YES;
				CLANG_WARN_OBJC_IMPLICIT_RETAIN_SELF = YES;
				CLANG_WARN_OBJC_LITERAL_CONVERSION = YES;
				CLANG_WARN_OBJC_ROOT_CLASS = YES_ERROR;
				CLANG_WARN_QUOTED_INCLUDE_IN_FRAMEWORK_HEADER = YES;
				CLANG_WARN_RANGE_LOOP_ANALYSIS = YES;
				CLANG_WARN_STRICT_PROTOTYPES = YES;
				CLANG_WARN_SUSPICIOUS_MOVE = YES;
				CLANG_WARN_UNGUARDED_AVAILABILITY = YES_AGGRESSIVE;
				CLANG_WARN_UNREACHABLE_CODE = YES;
				CLANG_WARN__DUPLICATE_METHOD_MATCH = YES;
				COPY_PHASE_STRIP = NO;
				DEBUG_INFORMATION_FORMAT = "dwarf-with-dsym";
				ENABLE_NS_ASSERTIONS = NO;
				ENABLE_STRICT_OBJC_MSGSEND = YES;
				ENABLE_USER_SCRIPT_SANDBOXING = YES;
				GCC_C_LANGUAGE_STANDARD = gnu17;
				GCC_NO_COMMON_BLOCKS = YES;
				GCC_WARN_64_TO_32_BIT_CONVERSION = YES;
				GCC_WARN_ABOUT_RETURN_TYPE = YES_ERROR;
				GCC_WARN_UNDECLARED_SELECTOR = YES;
				GCC_WARN_UNINITIALIZED_AUTOS = YES_AGGRESSIVE;
				GCC_WARN_UNUSED_FUNCTION = YES;
				GCC_WARN_UNUSED_VARIABLE = YES;
				IPHONEOS_DEPLOYMENT_TARGET = 17.2;
				LOCALIZATION_PREFERS_STRING_CATALOGS = YES;
				MTL_ENABLE_DEBUG_INFO = NO;
				MTL_FAST_MATH = YES;
				SDKROOT = iphoneos;
				SWIFT_COMPILATION_MODE = wholemodule;
				VALIDATE_PRODUCT = YES;
			};
			name = Release;
		};
		66F6DB392BD37456008061E5 /* Debug */ = {
			isa = XCBuildConfiguration;
			buildSettings = {
				ASSETCATALOG_COMPILER_APPICON_NAME = AppIcon;
				ASSETCATALOG_COMPILER_GLOBAL_ACCENT_COLOR_NAME = AccentColor;
				CODE_SIGN_STYLE = Automatic;
				CURRENT_PROJECT_VERSION = 1;
				DEVELOPMENT_TEAM = 352SEZ76Q7;
				GENERATE_INFOPLIST_FILE = YES;
				INFOPLIST_FILE = "UIKit-Template/Admin/Info.plist";
				INFOPLIST_KEY_CFBundleDisplayName = "UIKit-Template";
				INFOPLIST_KEY_LSApplicationCategoryType = "public.app-category.entertainment";
				INFOPLIST_KEY_UIApplicationSupportsIndirectInputEvents = YES;
				INFOPLIST_KEY_UILaunchStoryboardName = LaunchScreen;
				INFOPLIST_KEY_UIMainStoryboardFile = "";
				INFOPLIST_KEY_UISupportedInterfaceOrientations = UIInterfaceOrientationPortrait;
				INFOPLIST_KEY_UISupportedInterfaceOrientations_iPad = "UIInterfaceOrientationLandscapeLeft UIInterfaceOrientationLandscapeRight UIInterfaceOrientationPortrait UIInterfaceOrientationPortraitUpsideDown";
				LD_RUNPATH_SEARCH_PATHS = (
					"$(inherited)",
					"@executable_path/Frameworks",
				);
				MARKETING_VERSION = 1.0;
				PRODUCT_BUNDLE_IDENTIFIER = "prostackdevkit.UIKit-Template";
				PRODUCT_NAME = "$(TARGET_NAME)";
				SUPPORTED_PLATFORMS = "iphoneos iphonesimulator";
				SUPPORTS_MACCATALYST = NO;
				SUPPORTS_MAC_DESIGNED_FOR_IPHONE_IPAD = NO;
				SUPPORTS_XR_DESIGNED_FOR_IPHONE_IPAD = NO;
				SWIFT_EMIT_LOC_STRINGS = YES;
				SWIFT_VERSION = 5.0;
				TARGETED_DEVICE_FAMILY = 1;
			};
			name = Debug;
		};
		66F6DB3A2BD37456008061E5 /* Release */ = {
			isa = XCBuildConfiguration;
			buildSettings = {
				ASSETCATALOG_COMPILER_APPICON_NAME = AppIcon;
				ASSETCATALOG_COMPILER_GLOBAL_ACCENT_COLOR_NAME = AccentColor;
				CODE_SIGN_STYLE = Automatic;
				CURRENT_PROJECT_VERSION = 1;
				DEVELOPMENT_TEAM = 352SEZ76Q7;
				GENERATE_INFOPLIST_FILE = YES;
				INFOPLIST_FILE = "UIKit-Template/Admin/Info.plist";
				INFOPLIST_KEY_CFBundleDisplayName = "UIKit-Template";
				INFOPLIST_KEY_LSApplicationCategoryType = "public.app-category.entertainment";
				INFOPLIST_KEY_UIApplicationSupportsIndirectInputEvents = YES;
				INFOPLIST_KEY_UILaunchStoryboardName = LaunchScreen;
				INFOPLIST_KEY_UIMainStoryboardFile = "";
				INFOPLIST_KEY_UISupportedInterfaceOrientations = UIInterfaceOrientationPortrait;
				INFOPLIST_KEY_UISupportedInterfaceOrientations_iPad = "UIInterfaceOrientationLandscapeLeft UIInterfaceOrientationLandscapeRight UIInterfaceOrientationPortrait UIInterfaceOrientationPortraitUpsideDown";
				LD_RUNPATH_SEARCH_PATHS = (
					"$(inherited)",
					"@executable_path/Frameworks",
				);
				MARKETING_VERSION = 1.0;
				PRODUCT_BUNDLE_IDENTIFIER = "prostackdevkit.UIKit-Template";
				PRODUCT_NAME = "$(TARGET_NAME)";
				SUPPORTED_PLATFORMS = "iphoneos iphonesimulator";
				SUPPORTS_MACCATALYST = NO;
				SUPPORTS_MAC_DESIGNED_FOR_IPHONE_IPAD = NO;
				SUPPORTS_XR_DESIGNED_FOR_IPHONE_IPAD = NO;
				SWIFT_EMIT_LOC_STRINGS = YES;
				SWIFT_VERSION = 5.0;
				TARGETED_DEVICE_FAMILY = 1;
			};
			name = Release;
		};
/* End XCBuildConfiguration section */

/* Begin XCConfigurationList section */
		66985EEF2BF7DDFB003F0CDB /* Build configuration list for PBXNativeTarget "UIKit-TemplateTests" */ = {
			isa = XCConfigurationList;
			buildConfigurations = (
				66985EF02BF7DDFB003F0CDB /* Debug */,
				66985EF12BF7DDFB003F0CDB /* Release */,
			);
			defaultConfigurationIsVisible = 0;
			defaultConfigurationName = Release;
		};
		66F6DB092BD37455008061E5 /* Build configuration list for PBXProject "UIKit-Template" */ = {
			isa = XCConfigurationList;
			buildConfigurations = (
				66F6DB362BD37456008061E5 /* Debug */,
				66F6DB372BD37456008061E5 /* Release */,
			);
			defaultConfigurationIsVisible = 0;
			defaultConfigurationName = Release;
		};
		66F6DB382BD37456008061E5 /* Build configuration list for PBXNativeTarget "UIKit-Template" */ = {
			isa = XCConfigurationList;
			buildConfigurations = (
				66F6DB392BD37456008061E5 /* Debug */,
				66F6DB3A2BD37456008061E5 /* Release */,
			);
			defaultConfigurationIsVisible = 0;
			defaultConfigurationName = Release;
		};
/* End XCConfigurationList section */
	};
	rootObject = 66F6DB062BD37455008061E5 /* Project object */;
}
